
Microsoft Visual Studio Solution File, Format Version 12.00
# Visual Studio Version 16
VisualStudioVersion = 16.0.30114.105
MinimumVisualStudioVersion = 10.0.40219.1
Project("{2150E333-8FDC-42A3-9474-1A3956D46DE8}") = "src", "src", "{869C86F8-4E05-431B-937F-91F7A805C7EC}"
EndProject
Project("{9A19103F-16F7-4668-BE54-9A1E7A4F7556}") = "Xtra.Metapackages.Serilog", "src\Xtra.Metapackages.Serilog\Xtra.Metapackages.Serilog.csproj", "{CDBBEF75-DDEF-4E26-B7F3-6A62E566B0FC}"
EndProject
Project("{FAE04EC0-301F-11D3-BF4B-00C04F79EFBC}") = "Xtra.Metapackages.Serilog.AspNetCore", "src\Xtra.Metapackages.Serilog.AspNetCore\Xtra.Metapackages.Serilog.AspNetCore.csproj", "{001FE844-30FD-4F0D-8A0B-4E6F4FF6A4B5}"
EndProject
Project("{2150E333-8FDC-42A3-9474-1A3956D46DE8}") = "Solution Items", "Solution Items", "{8A916FB4-3EE4-461C-91E2-37CF6031B4B9}"
	ProjectSection(SolutionItems) = preProject
		Directory.Build.props = Directory.Build.props
		Directory.Build.targets = Directory.Build.targets
	EndProjectSection
EndProject
Global
	GlobalSection(SolutionConfigurationPlatforms) = preSolution
		Debug|Any CPU = Debug|Any CPU
		Debug|x64 = Debug|x64
		Debug|x86 = Debug|x86
		Release|Any CPU = Release|Any CPU
		Release|x64 = Release|x64
		Release|x86 = Release|x86
	EndGlobalSection
	GlobalSection(ProjectConfigurationPlatforms) = postSolution
		{CDBBEF75-DDEF-4E26-B7F3-6A62E566B0FC}.Debug|Any CPU.ActiveCfg = Debug|Any CPU
		{CDBBEF75-DDEF-4E26-B7F3-6A62E566B0FC}.Debug|Any CPU.Build.0 = Debug|Any CPU
		{CDBBEF75-DDEF-4E26-B7F3-6A62E566B0FC}.Debug|x64.ActiveCfg = Debug|Any CPU
		{CDBBEF75-DDEF-4E26-B7F3-6A62E566B0FC}.Debug|x64.Build.0 = Debug|Any CPU
		{CDBBEF75-DDEF-4E26-B7F3-6A62E566B0FC}.Debug|x86.ActiveCfg = Debug|Any CPU
		{CDBBEF75-DDEF-4E26-B7F3-6A62E566B0FC}.Debug|x86.Build.0 = Debug|Any CPU
		{CDBBEF75-DDEF-4E26-B7F3-6A62E566B0FC}.Release|Any CPU.ActiveCfg = Release|Any CPU
		{CDBBEF75-DDEF-4E26-B7F3-6A62E566B0FC}.Release|Any CPU.Build.0 = Release|Any CPU
		{CDBBEF75-DDEF-4E26-B7F3-6A62E566B0FC}.Release|x64.ActiveCfg = Release|Any CPU
		{CDBBEF75-DDEF-4E26-B7F3-6A62E566B0FC}.Release|x64.Build.0 = Release|Any CPU
		{CDBBEF75-DDEF-4E26-B7F3-6A62E566B0FC}.Release|x86.ActiveCfg = Release|Any CPU
		{CDBBEF75-DDEF-4E26-B7F3-6A62E566B0FC}.Release|x86.Build.0 = Release|Any CPU
		{001FE844-30FD-4F0D-8A0B-4E6F4FF6A4B5}.Debug|Any CPU.ActiveCfg = Debug|Any CPU
		{001FE844-30FD-4F0D-8A0B-4E6F4FF6A4B5}.Debug|Any CPU.Build.0 = Debug|Any CPU
		{001FE844-30FD-4F0D-8A0B-4E6F4FF6A4B5}.Debug|x64.ActiveCfg = Debug|Any CPU
		{001FE844-30FD-4F0D-8A0B-4E6F4FF6A4B5}.Debug|x64.Build.0 = Debug|Any CPU
		{001FE844-30FD-4F0D-8A0B-4E6F4FF6A4B5}.Debug|x86.ActiveCfg = Debug|Any CPU
		{001FE844-30FD-4F0D-8A0B-4E6F4FF6A4B5}.Debug|x86.Build.0 = Debug|Any CPU
		{001FE844-30FD-4F0D-8A0B-4E6F4FF6A4B5}.Release|Any CPU.ActiveCfg = Release|Any CPU
		{001FE844-30FD-4F0D-8A0B-4E6F4FF6A4B5}.Release|Any CPU.Build.0 = Release|Any CPU
		{001FE844-30FD-4F0D-8A0B-4E6F4FF6A4B5}.Release|x64.ActiveCfg = Release|Any CPU
		{001FE844-30FD-4F0D-8A0B-4E6F4FF6A4B5}.Release|x64.Build.0 = Release|Any CPU
		{001FE844-30FD-4F0D-8A0B-4E6F4FF6A4B5}.Release|x86.ActiveCfg = Release|Any CPU
		{001FE844-30FD-4F0D-8A0B-4E6F4FF6A4B5}.Release|x86.Build.0 = Release|Any CPU
	EndGlobalSection
	GlobalSection(SolutionProperties) = preSolution
		HideSolutionNode = FALSE
	EndGlobalSection
	GlobalSection(NestedProjects) = preSolution
		{CDBBEF75-DDEF-4E26-B7F3-6A62E566B0FC} = {869C86F8-4E05-431B-937F-91F7A805C7EC}
		{001FE844-30FD-4F0D-8A0B-4E6F4FF6A4B5} = {869C86F8-4E05-431B-937F-91F7A805C7EC}
	EndGlobalSection
	GlobalSection(ExtensibilityGlobals) = postSolution
		SolutionGuid = {41EC9C76-1103-4A92-9EE0-60109910DB34}
	EndGlobalSection
EndGlobal
